
Microsoft Visual Studio Solution File, Format Version 12.00
# Visual Studio Version 16
VisualStudioVersion = 25.0.1704.0
MinimumVisualStudioVersion = 10.0.40219.1
Project("{FAE04EC0-301F-11D3-BF4B-00C04F79EFBC}") = "hw2", "hw2\hw2.csproj", "{25387DCF-42ED-45C8-AC61-89691B610E8A}"
EndProject
Global
	GlobalSection(SolutionConfigurationPlatforms) = preSolution
		Debug|Any CPU = Debug|Any CPU
		Release|Any CPU = Release|Any CPU
	EndGlobalSection
	GlobalSection(ProjectConfigurationPlatforms) = postSolution
		{25387DCF-42ED-45C8-AC61-89691B610E8A}.Debug|Any CPU.ActiveCfg = Debug|Any CPU
		{25387DCF-42ED-45C8-AC61-89691B610E8A}.Debug|Any CPU.Build.0 = Debug|Any CPU
		{25387DCF-42ED-45C8-AC61-89691B610E8A}.Release|Any CPU.ActiveCfg = Release|Any CPU
		{25387DCF-42ED-45C8-AC61-89691B610E8A}.Release|Any CPU.Build.0 = Release|Any CPU
	EndGlobalSection
	GlobalSection(SolutionProperties) = preSolution
		HideSolutionNode = FALSE
	EndGlobalSection
	GlobalSection(ExtensibilityGlobals) = postSolution
		SolutionGuid = {459BB861-A6E2-4A75-90F7-F98E776F89F6}
	EndGlobalSection
EndGlobal
